
Microsoft Visual Studio Solution File, Format Version 12.00
# Visual Studio Version 17
VisualStudioVersion = 17.8.34322.80
MinimumVisualStudioVersion = 10.0.40219.1
Project("{FAE04EC0-301F-11D3-BF4B-00C04F79EFBC}") = "OrderAPI", "OderAPI\OrderAPI.csproj", "{F4A1829F-4751-4FB8-B4DA-266302797B9C}"
EndProject
Global
	GlobalSection(SolutionConfigurationPlatforms) = preSolution
		Debug|Any CPU = Debug|Any CPU
		Release|Any CPU = Release|Any CPU
	EndGlobalSection
	GlobalSection(ProjectConfigurationPlatforms) = postSolution
		{F4A1829F-4751-4FB8-B4DA-266302797B9C}.Debug|Any CPU.ActiveCfg = Debug|Any CPU
		{F4A1829F-4751-4FB8-B4DA-266302797B9C}.Debug|Any CPU.Build.0 = Debug|Any CPU
		{F4A1829F-4751-4FB8-B4DA-266302797B9C}.Release|Any CPU.ActiveCfg = Release|Any CPU
		{F4A1829F-4751-4FB8-B4DA-266302797B9C}.Release|Any CPU.Build.0 = Release|Any CPU
	EndGlobalSection
	GlobalSection(SolutionProperties) = preSolution
		HideSolutionNode = FALSE
	EndGlobalSection
	GlobalSection(ExtensibilityGlobals) = postSolution
		SolutionGuid = {76110B9A-3BA6-4391-AA62-4A3B04CEEFFC}
	EndGlobalSection
EndGlobal
